
Microsoft Visual Studio Solution File, Format Version 12.00
# Visual Studio Version 16
VisualStudioVersion = 16.0.31410.357
MinimumVisualStudioVersion = 10.0.40219.1
Project("{FAE04EC0-301F-11D3-BF4B-00C04F79EFBC}") = "Uri1005", "Uri1005\Uri1005.csproj", "{B12836F5-21AE-4E1C-ABC6-C57BFD5FEBA9}"
EndProject
Global
	GlobalSection(SolutionConfigurationPlatforms) = preSolution
		Debug|Any CPU = Debug|Any CPU
		Release|Any CPU = Release|Any CPU
	EndGlobalSection
	GlobalSection(ProjectConfigurationPlatforms) = postSolution
		{B12836F5-21AE-4E1C-ABC6-C57BFD5FEBA9}.Debug|Any CPU.ActiveCfg = Debug|Any CPU
		{B12836F5-21AE-4E1C-ABC6-C57BFD5FEBA9}.Debug|Any CPU.Build.0 = Debug|Any CPU
		{B12836F5-21AE-4E1C-ABC6-C57BFD5FEBA9}.Release|Any CPU.ActiveCfg = Release|Any CPU
		{B12836F5-21AE-4E1C-ABC6-C57BFD5FEBA9}.Release|Any CPU.Build.0 = Release|Any CPU
	EndGlobalSection
	GlobalSection(SolutionProperties) = preSolution
		HideSolutionNode = FALSE
	EndGlobalSection
	GlobalSection(ExtensibilityGlobals) = postSolution
		SolutionGuid = {13B63FA8-0127-495E-AA55-3FFEAB96DC0C}
	EndGlobalSection
EndGlobal
