
Microsoft Visual Studio Solution File, Format Version 12.00
# Visual Studio Version 16
VisualStudioVersion = 16.0.31410.357
MinimumVisualStudioVersion = 10.0.40219.1
Project("{FAE04EC0-301F-11D3-BF4B-00C04F79EFBC}") = "Uri1008", "Uri1008\Uri1008.csproj", "{05CC3A9D-A35E-497C-AA92-F548C4C5A6CC}"
EndProject
Global
	GlobalSection(SolutionConfigurationPlatforms) = preSolution
		Debug|Any CPU = Debug|Any CPU
		Release|Any CPU = Release|Any CPU
	EndGlobalSection
	GlobalSection(ProjectConfigurationPlatforms) = postSolution
		{05CC3A9D-A35E-497C-AA92-F548C4C5A6CC}.Debug|Any CPU.ActiveCfg = Debug|Any CPU
		{05CC3A9D-A35E-497C-AA92-F548C4C5A6CC}.Debug|Any CPU.Build.0 = Debug|Any CPU
		{05CC3A9D-A35E-497C-AA92-F548C4C5A6CC}.Release|Any CPU.ActiveCfg = Release|Any CPU
		{05CC3A9D-A35E-497C-AA92-F548C4C5A6CC}.Release|Any CPU.Build.0 = Release|Any CPU
	EndGlobalSection
	GlobalSection(SolutionProperties) = preSolution
		HideSolutionNode = FALSE
	EndGlobalSection
	GlobalSection(ExtensibilityGlobals) = postSolution
		SolutionGuid = {9B71D111-056E-4BBB-B746-4F8CD5E04636}
	EndGlobalSection
EndGlobal
